// !$*UTF8*$!
{
	archiveVersion = 1;
	classes = {
	};
	objectVersion = 56;
	objects = {

/* Begin PBXBuildFile section */
		4F489190763F6C5265511B06 /* Pods_Hogwarts_MVVM.framework in Frameworks */ = {isa = PBXBuildFile; fileRef = AEAB61B01907297CB657236F /* Pods_Hogwarts_MVVM.framework */; };
		A79794A621914027CE2CD816 /* Pods_Hogwarts_MVVMTests.framework in Frameworks */ = {isa = PBXBuildFile; fileRef = 1DA6930DA60734070759A532 /* Pods_Hogwarts_MVVMTests.framework */; };
		D7AD3AE92B80FBE8009AF9D1 /* AppDelegate.swift in Sources */ = {isa = PBXBuildFile; fileRef = D7AD3AE82B80FBE8009AF9D1 /* AppDelegate.swift */; };
		D7AD3AEB2B80FBE8009AF9D1 /* SceneDelegate.swift in Sources */ = {isa = PBXBuildFile; fileRef = D7AD3AEA2B80FBE8009AF9D1 /* SceneDelegate.swift */; };
		D7AD3AED2B80FBE8009AF9D1 /* ViewController.swift in Sources */ = {isa = PBXBuildFile; fileRef = D7AD3AEC2B80FBE8009AF9D1 /* ViewController.swift */; };
		D7AD3AF22B80FBE9009AF9D1 /* Assets.xcassets in Resources */ = {isa = PBXBuildFile; fileRef = D7AD3AF12B80FBE9009AF9D1 /* Assets.xcassets */; };
		D7AD3AF52B80FBE9009AF9D1 /* LaunchScreen.storyboard in Resources */ = {isa = PBXBuildFile; fileRef = D7AD3AF32B80FBE9009AF9D1 /* LaunchScreen.storyboard */; };
		D7AD3B002B80FBEA009AF9D1 /* Hogwarts_MVVMTests.swift in Sources */ = {isa = PBXBuildFile; fileRef = D7AD3AFF2B80FBEA009AF9D1 /* Hogwarts_MVVMTests.swift */; };
		D7AD3B0A2B80FBEA009AF9D1 /* Hogwarts_MVVMUITests.swift in Sources */ = {isa = PBXBuildFile; fileRef = D7AD3B092B80FBEA009AF9D1 /* Hogwarts_MVVMUITests.swift */; };
		D7AD3B0C2B80FBEA009AF9D1 /* Hogwarts_MVVMUITestsLaunchTests.swift in Sources */ = {isa = PBXBuildFile; fileRef = D7AD3B0B2B80FBEA009AF9D1 /* Hogwarts_MVVMUITestsLaunchTests.swift */; };
		D7AD3B1B2B80FC6C009AF9D1 /* DashboardViewController.swift in Sources */ = {isa = PBXBuildFile; fileRef = D7AD3B1A2B80FC6C009AF9D1 /* DashboardViewController.swift */; };
		D7AD3B1D2B80FC97009AF9D1 /* DashboardViewModel.swift in Sources */ = {isa = PBXBuildFile; fileRef = D7AD3B1C2B80FC97009AF9D1 /* DashboardViewModel.swift */; };
		DCB8197D0EF3BA873F899F67 /* Pods_Hogwarts_MVVM_Hogwarts_MVVMUITests.framework in Frameworks */ = {isa = PBXBuildFile; fileRef = 4C7A68E929BA7D4010DCAE0C /* Pods_Hogwarts_MVVM_Hogwarts_MVVMUITests.framework */; };
/* End PBXBuildFile section */

/* Begin PBXContainerItemProxy section */
		D7AD3AFC2B80FBEA009AF9D1 /* PBXContainerItemProxy */ = {
			isa = PBXContainerItemProxy;
			containerPortal = D7AD3ADD2B80FBE8009AF9D1 /* Project object */;
			proxyType = 1;
			remoteGlobalIDString = D7AD3AE42B80FBE8009AF9D1;
			remoteInfo = "Hogwarts-MVVM";
		};
		D7AD3B062B80FBEA009AF9D1 /* PBXContainerItemProxy */ = {
			isa = PBXContainerItemProxy;
			containerPortal = D7AD3ADD2B80FBE8009AF9D1 /* Project object */;
			proxyType = 1;
			remoteGlobalIDString = D7AD3AE42B80FBE8009AF9D1;
			remoteInfo = "Hogwarts-MVVM";
		};
/* End PBXContainerItemProxy section */

/* Begin PBXFileReference section */
		1154AB1BD4B0530FE77B6E38 /* Pods-Hogwarts-MVVM.debug.xcconfig */ = {isa = PBXFileReference; includeInIndex = 1; lastKnownFileType = text.xcconfig; name = "Pods-Hogwarts-MVVM.debug.xcconfig"; path = "Target Support Files/Pods-Hogwarts-MVVM/Pods-Hogwarts-MVVM.debug.xcconfig"; sourceTree = "<group>"; };
		1DA6930DA60734070759A532 /* Pods_Hogwarts_MVVMTests.framework */ = {isa = PBXFileReference; explicitFileType = wrapper.framework; includeInIndex = 0; path = Pods_Hogwarts_MVVMTests.framework; sourceTree = BUILT_PRODUCTS_DIR; };
		4C7A68E929BA7D4010DCAE0C /* Pods_Hogwarts_MVVM_Hogwarts_MVVMUITests.framework */ = {isa = PBXFileReference; explicitFileType = wrapper.framework; includeInIndex = 0; path = Pods_Hogwarts_MVVM_Hogwarts_MVVMUITests.framework; sourceTree = BUILT_PRODUCTS_DIR; };
		9E53E486826AD00AB483352D /* Pods-Hogwarts-MVVMTests.debug.xcconfig */ = {isa = PBXFileReference; includeInIndex = 1; lastKnownFileType = text.xcconfig; name = "Pods-Hogwarts-MVVMTests.debug.xcconfig"; path = "Target Support Files/Pods-Hogwarts-MVVMTests/Pods-Hogwarts-MVVMTests.debug.xcconfig"; sourceTree = "<group>"; };
		AEAB61B01907297CB657236F /* Pods_Hogwarts_MVVM.framework */ = {isa = PBXFileReference; explicitFileType = wrapper.framework; includeInIndex = 0; path = Pods_Hogwarts_MVVM.framework; sourceTree = BUILT_PRODUCTS_DIR; };
		BB8155574248B70497787140 /* Pods-Hogwarts-MVVM-Hogwarts-MVVMUITests.debug.xcconfig */ = {isa = PBXFileReference; includeInIndex = 1; lastKnownFileType = text.xcconfig; name = "Pods-Hogwarts-MVVM-Hogwarts-MVVMUITests.debug.xcconfig"; path = "Target Support Files/Pods-Hogwarts-MVVM-Hogwarts-MVVMUITests/Pods-Hogwarts-MVVM-Hogwarts-MVVMUITests.debug.xcconfig"; sourceTree = "<group>"; };
		C25A196B84BA7051C2CA3AD3 /* Pods-Hogwarts-MVVM.release.xcconfig */ = {isa = PBXFileReference; includeInIndex = 1; lastKnownFileType = text.xcconfig; name = "Pods-Hogwarts-MVVM.release.xcconfig"; path = "Target Support Files/Pods-Hogwarts-MVVM/Pods-Hogwarts-MVVM.release.xcconfig"; sourceTree = "<group>"; };
		CFC876E8B822D7AC332BA940 /* Pods-Hogwarts-MVVMTests.release.xcconfig */ = {isa = PBXFileReference; includeInIndex = 1; lastKnownFileType = text.xcconfig; name = "Pods-Hogwarts-MVVMTests.release.xcconfig"; path = "Target Support Files/Pods-Hogwarts-MVVMTests/Pods-Hogwarts-MVVMTests.release.xcconfig"; sourceTree = "<group>"; };
		D7AD3AE52B80FBE8009AF9D1 /* Hogwarts-MVVM.app */ = {isa = PBXFileReference; explicitFileType = wrapper.application; includeInIndex = 0; path = "Hogwarts-MVVM.app"; sourceTree = BUILT_PRODUCTS_DIR; };
		D7AD3AE82B80FBE8009AF9D1 /* AppDelegate.swift */ = {isa = PBXFileReference; lastKnownFileType = sourcecode.swift; path = AppDelegate.swift; sourceTree = "<group>"; };
		D7AD3AEA2B80FBE8009AF9D1 /* SceneDelegate.swift */ = {isa = PBXFileReference; lastKnownFileType = sourcecode.swift; path = SceneDelegate.swift; sourceTree = "<group>"; };
		D7AD3AEC2B80FBE8009AF9D1 /* ViewController.swift */ = {isa = PBXFileReference; lastKnownFileType = sourcecode.swift; path = ViewController.swift; sourceTree = "<group>"; };
		D7AD3AF12B80FBE9009AF9D1 /* Assets.xcassets */ = {isa = PBXFileReference; lastKnownFileType = folder.assetcatalog; path = Assets.xcassets; sourceTree = "<group>"; };
		D7AD3AF42B80FBE9009AF9D1 /* Base */ = {isa = PBXFileReference; lastKnownFileType = file.storyboard; name = Base; path = Base.lproj/LaunchScreen.storyboard; sourceTree = "<group>"; };
		D7AD3AF62B80FBE9009AF9D1 /* Info.plist */ = {isa = PBXFileReference; lastKnownFileType = text.plist.xml; path = Info.plist; sourceTree = "<group>"; };
		D7AD3AFB2B80FBEA009AF9D1 /* Hogwarts-MVVMTests.xctest */ = {isa = PBXFileReference; explicitFileType = wrapper.cfbundle; includeInIndex = 0; path = "Hogwarts-MVVMTests.xctest"; sourceTree = BUILT_PRODUCTS_DIR; };
		D7AD3AFF2B80FBEA009AF9D1 /* Hogwarts_MVVMTests.swift */ = {isa = PBXFileReference; lastKnownFileType = sourcecode.swift; path = Hogwarts_MVVMTests.swift; sourceTree = "<group>"; };
		D7AD3B052B80FBEA009AF9D1 /* Hogwarts-MVVMUITests.xctest */ = {isa = PBXFileReference; explicitFileType = wrapper.cfbundle; includeInIndex = 0; path = "Hogwarts-MVVMUITests.xctest"; sourceTree = BUILT_PRODUCTS_DIR; };
		D7AD3B092B80FBEA009AF9D1 /* Hogwarts_MVVMUITests.swift */ = {isa = PBXFileReference; lastKnownFileType = sourcecode.swift; path = Hogwarts_MVVMUITests.swift; sourceTree = "<group>"; };
		D7AD3B0B2B80FBEA009AF9D1 /* Hogwarts_MVVMUITestsLaunchTests.swift */ = {isa = PBXFileReference; lastKnownFileType = sourcecode.swift; path = Hogwarts_MVVMUITestsLaunchTests.swift; sourceTree = "<group>"; };
		D7AD3B1A2B80FC6C009AF9D1 /* DashboardViewController.swift */ = {isa = PBXFileReference; lastKnownFileType = sourcecode.swift; path = DashboardViewController.swift; sourceTree = "<group>"; };
		D7AD3B1C2B80FC97009AF9D1 /* DashboardViewModel.swift */ = {isa = PBXFileReference; lastKnownFileType = sourcecode.swift; path = DashboardViewModel.swift; sourceTree = "<group>"; };
		E29CCDB2D05F3D6CF8FB7D27 /* Pods-Hogwarts-MVVM-Hogwarts-MVVMUITests.release.xcconfig */ = {isa = PBXFileReference; includeInIndex = 1; lastKnownFileType = text.xcconfig; name = "Pods-Hogwarts-MVVM-Hogwarts-MVVMUITests.release.xcconfig"; path = "Target Support Files/Pods-Hogwarts-MVVM-Hogwarts-MVVMUITests/Pods-Hogwarts-MVVM-Hogwarts-MVVMUITests.release.xcconfig"; sourceTree = "<group>"; };
/* End PBXFileReference section */

/* Begin PBXFrameworksBuildPhase section */
		D7AD3AE22B80FBE8009AF9D1 /* Frameworks */ = {
			isa = PBXFrameworksBuildPhase;
			buildActionMask = 2147483647;
			files = (
				4F489190763F6C5265511B06 /* Pods_Hogwarts_MVVM.framework in Frameworks */,
			);
			runOnlyForDeploymentPostprocessing = 0;
		};
		D7AD3AF82B80FBEA009AF9D1 /* Frameworks */ = {
			isa = PBXFrameworksBuildPhase;
			buildActionMask = 2147483647;
			files = (
				A79794A621914027CE2CD816 /* Pods_Hogwarts_MVVMTests.framework in Frameworks */,
			);
			runOnlyForDeploymentPostprocessing = 0;
		};
		D7AD3B022B80FBEA009AF9D1 /* Frameworks */ = {
			isa = PBXFrameworksBuildPhase;
			buildActionMask = 2147483647;
			files = (
				DCB8197D0EF3BA873F899F67 /* Pods_Hogwarts_MVVM_Hogwarts_MVVMUITests.framework in Frameworks */,
			);
			runOnlyForDeploymentPostprocessing = 0;
		};
/* End PBXFrameworksBuildPhase section */

/* Begin PBXGroup section */
		113E490706661BBF6AA84C7A /* Pods */ = {
			isa = PBXGroup;
			children = (
				1154AB1BD4B0530FE77B6E38 /* Pods-Hogwarts-MVVM.debug.xcconfig */,
				C25A196B84BA7051C2CA3AD3 /* Pods-Hogwarts-MVVM.release.xcconfig */,
				BB8155574248B70497787140 /* Pods-Hogwarts-MVVM-Hogwarts-MVVMUITests.debug.xcconfig */,
				E29CCDB2D05F3D6CF8FB7D27 /* Pods-Hogwarts-MVVM-Hogwarts-MVVMUITests.release.xcconfig */,
				9E53E486826AD00AB483352D /* Pods-Hogwarts-MVVMTests.debug.xcconfig */,
				CFC876E8B822D7AC332BA940 /* Pods-Hogwarts-MVVMTests.release.xcconfig */,
			);
			name = Pods;
			path = Pods;
			sourceTree = "<group>";
		};
		D7AD3ADC2B80FBE8009AF9D1 = {
			isa = PBXGroup;
			children = (
				D7AD3AE72B80FBE8009AF9D1 /* Hogwarts-MVVM */,
				D7AD3AFE2B80FBEA009AF9D1 /* Hogwarts-MVVMTests */,
				D7AD3B082B80FBEA009AF9D1 /* Hogwarts-MVVMUITests */,
				D7AD3AE62B80FBE8009AF9D1 /* Products */,
				113E490706661BBF6AA84C7A /* Pods */,
				FC5BF77438934ADB1458FD4E /* Frameworks */,
			);
			sourceTree = "<group>";
		};
		D7AD3AE62B80FBE8009AF9D1 /* Products */ = {
			isa = PBXGroup;
			children = (
				D7AD3AE52B80FBE8009AF9D1 /* Hogwarts-MVVM.app */,
				D7AD3AFB2B80FBEA009AF9D1 /* Hogwarts-MVVMTests.xctest */,
				D7AD3B052B80FBEA009AF9D1 /* Hogwarts-MVVMUITests.xctest */,
			);
			name = Products;
			sourceTree = "<group>";
		};
		D7AD3AE72B80FBE8009AF9D1 /* Hogwarts-MVVM */ = {
			isa = PBXGroup;
			children = (
				D7AD3B182B80FC16009AF9D1 /* Scenes */,
				D7AD3AE82B80FBE8009AF9D1 /* AppDelegate.swift */,
				D7AD3AEA2B80FBE8009AF9D1 /* SceneDelegate.swift */,
				D7AD3AEC2B80FBE8009AF9D1 /* ViewController.swift */,
				D7AD3AF12B80FBE9009AF9D1 /* Assets.xcassets */,
				D7AD3AF32B80FBE9009AF9D1 /* LaunchScreen.storyboard */,
				D7AD3AF62B80FBE9009AF9D1 /* Info.plist */,
			);
			path = "Hogwarts-MVVM";
			sourceTree = "<group>";
		};
		D7AD3AFE2B80FBEA009AF9D1 /* Hogwarts-MVVMTests */ = {
			isa = PBXGroup;
			children = (
				D7AD3AFF2B80FBEA009AF9D1 /* Hogwarts_MVVMTests.swift */,
			);
			path = "Hogwarts-MVVMTests";
			sourceTree = "<group>";
		};
		D7AD3B082B80FBEA009AF9D1 /* Hogwarts-MVVMUITests */ = {
			isa = PBXGroup;
			children = (
				D7AD3B092B80FBEA009AF9D1 /* Hogwarts_MVVMUITests.swift */,
				D7AD3B0B2B80FBEA009AF9D1 /* Hogwarts_MVVMUITestsLaunchTests.swift */,
			);
			path = "Hogwarts-MVVMUITests";
			sourceTree = "<group>";
		};
		D7AD3B182B80FC16009AF9D1 /* Scenes */ = {
			isa = PBXGroup;
			children = (
				D7AD3B192B80FC34009AF9D1 /* Dashboard */,
			);
			path = Scenes;
			sourceTree = "<group>";
		};
		D7AD3B192B80FC34009AF9D1 /* Dashboard */ = {
			isa = PBXGroup;
			children = (
				D7AD3B1A2B80FC6C009AF9D1 /* DashboardViewController.swift */,
				D7AD3B1C2B80FC97009AF9D1 /* DashboardViewModel.swift */,
			);
			path = Dashboard;
			sourceTree = "<group>";
		};
		FC5BF77438934ADB1458FD4E /* Frameworks */ = {
			isa = PBXGroup;
			children = (
				AEAB61B01907297CB657236F /* Pods_Hogwarts_MVVM.framework */,
				4C7A68E929BA7D4010DCAE0C /* Pods_Hogwarts_MVVM_Hogwarts_MVVMUITests.framework */,
				1DA6930DA60734070759A532 /* Pods_Hogwarts_MVVMTests.framework */,
			);
			name = Frameworks;
			sourceTree = "<group>";
		};
/* End PBXGroup section */

/* Begin PBXNativeTarget section */
		D7AD3AE42B80FBE8009AF9D1 /* Hogwarts-MVVM */ = {
			isa = PBXNativeTarget;
			buildConfigurationList = D7AD3B0F2B80FBEA009AF9D1 /* Build configuration list for PBXNativeTarget "Hogwarts-MVVM" */;
			buildPhases = (
				0E87DA879DBB5A786992DE52 /* [CP] Check Pods Manifest.lock */,
				D7AD3AE12B80FBE8009AF9D1 /* Sources */,
				D7AD3AE22B80FBE8009AF9D1 /* Frameworks */,
				D7AD3AE32B80FBE8009AF9D1 /* Resources */,
				3641527711BE6DCE58978874 /* [CP] Embed Pods Frameworks */,
			);
			buildRules = (
			);
			dependencies = (
			);
			name = "Hogwarts-MVVM";
			productName = "Hogwarts-MVVM";
			productReference = D7AD3AE52B80FBE8009AF9D1 /* Hogwarts-MVVM.app */;
			productType = "com.apple.product-type.application";
		};
		D7AD3AFA2B80FBEA009AF9D1 /* Hogwarts-MVVMTests */ = {
			isa = PBXNativeTarget;
			buildConfigurationList = D7AD3B122B80FBEA009AF9D1 /* Build configuration list for PBXNativeTarget "Hogwarts-MVVMTests" */;
			buildPhases = (
				7F8C8B53C5D913CD41759368 /* [CP] Check Pods Manifest.lock */,
				D7AD3AF72B80FBEA009AF9D1 /* Sources */,
				D7AD3AF82B80FBEA009AF9D1 /* Frameworks */,
				D7AD3AF92B80FBEA009AF9D1 /* Resources */,
			);
			buildRules = (
			);
			dependencies = (
				D7AD3AFD2B80FBEA009AF9D1 /* PBXTargetDependency */,
			);
			name = "Hogwarts-MVVMTests";
			productName = "Hogwarts-MVVMTests";
			productReference = D7AD3AFB2B80FBEA009AF9D1 /* Hogwarts-MVVMTests.xctest */;
			productType = "com.apple.product-type.bundle.unit-test";
		};
		D7AD3B042B80FBEA009AF9D1 /* Hogwarts-MVVMUITests */ = {
			isa = PBXNativeTarget;
			buildConfigurationList = D7AD3B152B80FBEA009AF9D1 /* Build configuration list for PBXNativeTarget "Hogwarts-MVVMUITests" */;
			buildPhases = (
				99EDB6D965FDFDD35CE80EEA /* [CP] Check Pods Manifest.lock */,
				D7AD3B012B80FBEA009AF9D1 /* Sources */,
				D7AD3B022B80FBEA009AF9D1 /* Frameworks */,
				D7AD3B032B80FBEA009AF9D1 /* Resources */,
				B9F54971CC7B4677FE9CBFD1 /* [CP] Embed Pods Frameworks */,
			);
			buildRules = (
			);
			dependencies = (
				D7AD3B072B80FBEA009AF9D1 /* PBXTargetDependency */,
			);
			name = "Hogwarts-MVVMUITests";
			productName = "Hogwarts-MVVMUITests";
			productReference = D7AD3B052B80FBEA009AF9D1 /* Hogwarts-MVVMUITests.xctest */;
			productType = "com.apple.product-type.bundle.ui-testing";
		};
/* End PBXNativeTarget section */

/* Begin PBXProject section */
		D7AD3ADD2B80FBE8009AF9D1 /* Project object */ = {
			isa = PBXProject;
			attributes = {
				BuildIndependentTargetsInParallel = 1;
				LastSwiftUpdateCheck = 1500;
				LastUpgradeCheck = 1500;
				TargetAttributes = {
					D7AD3AE42B80FBE8009AF9D1 = {
						CreatedOnToolsVersion = 15.0;
					};
					D7AD3AFA2B80FBEA009AF9D1 = {
						CreatedOnToolsVersion = 15.0;
						TestTargetID = D7AD3AE42B80FBE8009AF9D1;
					};
					D7AD3B042B80FBEA009AF9D1 = {
						CreatedOnToolsVersion = 15.0;
						TestTargetID = D7AD3AE42B80FBE8009AF9D1;
					};
				};
			};
			buildConfigurationList = D7AD3AE02B80FBE8009AF9D1 /* Build configuration list for PBXProject "Hogwarts-MVVM" */;
			compatibilityVersion = "Xcode 14.0";
			developmentRegion = en;
			hasScannedForEncodings = 0;
			knownRegions = (
				en,
				Base,
			);
			mainGroup = D7AD3ADC2B80FBE8009AF9D1;
			productRefGroup = D7AD3AE62B80FBE8009AF9D1 /* Products */;
			projectDirPath = "";
			projectRoot = "";
			targets = (
				D7AD3AE42B80FBE8009AF9D1 /* Hogwarts-MVVM */,
				D7AD3AFA2B80FBEA009AF9D1 /* Hogwarts-MVVMTests */,
				D7AD3B042B80FBEA009AF9D1 /* Hogwarts-MVVMUITests */,
			);
		};
/* End PBXProject section */

/* Begin PBXResourcesBuildPhase section */
		D7AD3AE32B80FBE8009AF9D1 /* Resources */ = {
			isa = PBXResourcesBuildPhase;
			buildActionMask = 2147483647;
			files = (
				D7AD3AF52B80FBE9009AF9D1 /* LaunchScreen.storyboard in Resources */,
				D7AD3AF22B80FBE9009AF9D1 /* Assets.xcassets in Resources */,
			);
			runOnlyForDeploymentPostprocessing = 0;
		};
		D7AD3AF92B80FBEA009AF9D1 /* Resources */ = {
			isa = PBXResourcesBuildPhase;
			buildActionMask = 2147483647;
			files = (
			);
			runOnlyForDeploymentPostprocessing = 0;
		};
		D7AD3B032B80FBEA009AF9D1 /* Resources */ = {
			isa = PBXResourcesBuildPhase;
			buildActionMask = 2147483647;
			files = (
			);
			runOnlyForDeploymentPostprocessing = 0;
		};
/* End PBXResourcesBuildPhase section */

/* Begin PBXShellScriptBuildPhase section */
		0E87DA879DBB5A786992DE52 /* [CP] Check Pods Manifest.lock */ = {
			isa = PBXShellScriptBuildPhase;
			buildActionMask = 2147483647;
			files = (
			);
			inputFileListPaths = (
			);
			inputPaths = (
				"${PODS_PODFILE_DIR_PATH}/Podfile.lock",
				"${PODS_ROOT}/Manifest.lock",
			);
			name = "[CP] Check Pods Manifest.lock";
			outputFileListPaths = (
			);
			outputPaths = (
				"$(DERIVED_FILE_DIR)/Pods-Hogwarts-MVVM-checkManifestLockResult.txt",
			);
			runOnlyForDeploymentPostprocessing = 0;
			shellPath = /bin/sh;
			shellScript = "diff \"${PODS_PODFILE_DIR_PATH}/Podfile.lock\" \"${PODS_ROOT}/Manifest.lock\" > /dev/null\nif [ $? != 0 ] ; then\n    # print error to STDERR\n    echo \"error: The sandbox is not in sync with the Podfile.lock. Run 'pod install' or update your CocoaPods installation.\" >&2\n    exit 1\nfi\n# This output is used by Xcode 'outputs' to avoid re-running this script phase.\necho \"SUCCESS\" > \"${SCRIPT_OUTPUT_FILE_0}\"\n";
			showEnvVarsInLog = 0;
		};
		3641527711BE6DCE58978874 /* [CP] Embed Pods Frameworks */ = {
			isa = PBXShellScriptBuildPhase;
			buildActionMask = 2147483647;
			files = (
			);
			inputFileListPaths = (
				"${PODS_ROOT}/Target Support Files/Pods-Hogwarts-MVVM/Pods-Hogwarts-MVVM-frameworks-${CONFIGURATION}-input-files.xcfilelist",
			);
			name = "[CP] Embed Pods Frameworks";
			outputFileListPaths = (
				"${PODS_ROOT}/Target Support Files/Pods-Hogwarts-MVVM/Pods-Hogwarts-MVVM-frameworks-${CONFIGURATION}-output-files.xcfilelist",
			);
			runOnlyForDeploymentPostprocessing = 0;
			shellPath = /bin/sh;
			shellScript = "\"${PODS_ROOT}/Target Support Files/Pods-Hogwarts-MVVM/Pods-Hogwarts-MVVM-frameworks.sh\"\n";
			showEnvVarsInLog = 0;
		};
		7F8C8B53C5D913CD41759368 /* [CP] Check Pods Manifest.lock */ = {
			isa = PBXShellScriptBuildPhase;
			buildActionMask = 2147483647;
			files = (
			);
			inputFileListPaths = (
			);
			inputPaths = (
				"${PODS_PODFILE_DIR_PATH}/Podfile.lock",
				"${PODS_ROOT}/Manifest.lock",
			);
			name = "[CP] Check Pods Manifest.lock";
			outputFileListPaths = (
			);
			outputPaths = (
				"$(DERIVED_FILE_DIR)/Pods-Hogwarts-MVVMTests-checkManifestLockResult.txt",
			);
			runOnlyForDeploymentPostprocessing = 0;
			shellPath = /bin/sh;
			shellScript = "diff \"${PODS_PODFILE_DIR_PATH}/Podfile.lock\" \"${PODS_ROOT}/Manifest.lock\" > /dev/null\nif [ $? != 0 ] ; then\n    # print error to STDERR\n    echo \"error: The sandbox is not in sync with the Podfile.lock. Run 'pod install' or update your CocoaPods installation.\" >&2\n    exit 1\nfi\n# This output is used by Xcode 'outputs' to avoid re-running this script phase.\necho \"SUCCESS\" > \"${SCRIPT_OUTPUT_FILE_0}\"\n";
			showEnvVarsInLog = 0;
		};
		99EDB6D965FDFDD35CE80EEA /* [CP] Check Pods Manifest.lock */ = {
			isa = PBXShellScriptBuildPhase;
			buildActionMask = 2147483647;
			files = (
			);
			inputFileListPaths = (
			);
			inputPaths = (
				"${PODS_PODFILE_DIR_PATH}/Podfile.lock",
				"${PODS_ROOT}/Manifest.lock",
			);
			name = "[CP] Check Pods Manifest.lock";
			outputFileListPaths = (
			);
			outputPaths = (
				"$(DERIVED_FILE_DIR)/Pods-Hogwarts-MVVM-Hogwarts-MVVMUITests-checkManifestLockResult.txt",
			);
			runOnlyForDeploymentPostprocessing = 0;
			shellPath = /bin/sh;
			shellScript = "diff \"${PODS_PODFILE_DIR_PATH}/Podfile.lock\" \"${PODS_ROOT}/Manifest.lock\" > /dev/null\nif [ $? != 0 ] ; then\n    # print error to STDERR\n    echo \"error: The sandbox is not in sync with the Podfile.lock. Run 'pod install' or update your CocoaPods installation.\" >&2\n    exit 1\nfi\n# This output is used by Xcode 'outputs' to avoid re-running this script phase.\necho \"SUCCESS\" > \"${SCRIPT_OUTPUT_FILE_0}\"\n";
			showEnvVarsInLog = 0;
		};
		B9F54971CC7B4677FE9CBFD1 /* [CP] Embed Pods Frameworks */ = {
			isa = PBXShellScriptBuildPhase;
			buildActionMask = 2147483647;
			files = (
			);
			inputFileListPaths = (
				"${PODS_ROOT}/Target Support Files/Pods-Hogwarts-MVVM-Hogwarts-MVVMUITests/Pods-Hogwarts-MVVM-Hogwarts-MVVMUITests-frameworks-${CONFIGURATION}-input-files.xcfilelist",
			);
			name = "[CP] Embed Pods Frameworks";
			outputFileListPaths = (
				"${PODS_ROOT}/Target Support Files/Pods-Hogwarts-MVVM-Hogwarts-MVVMUITests/Pods-Hogwarts-MVVM-Hogwarts-MVVMUITests-frameworks-${CONFIGURATION}-output-files.xcfilelist",
			);
			runOnlyForDeploymentPostprocessing = 0;
			shellPath = /bin/sh;
			shellScript = "\"${PODS_ROOT}/Target Support Files/Pods-Hogwarts-MVVM-Hogwarts-MVVMUITests/Pods-Hogwarts-MVVM-Hogwarts-MVVMUITests-frameworks.sh\"\n";
			showEnvVarsInLog = 0;
		};
/* End PBXShellScriptBuildPhase section */

/* Begin PBXSourcesBuildPhase section */
		D7AD3AE12B80FBE8009AF9D1 /* Sources */ = {
			isa = PBXSourcesBuildPhase;
			buildActionMask = 2147483647;
			files = (
				D7AD3AED2B80FBE8009AF9D1 /* ViewController.swift in Sources */,
				D7AD3B1D2B80FC97009AF9D1 /* DashboardViewModel.swift in Sources */,
				D7AD3AE92B80FBE8009AF9D1 /* AppDelegate.swift in Sources */,
				D7AD3AEB2B80FBE8009AF9D1 /* SceneDelegate.swift in Sources */,
				D7AD3B1B2B80FC6C009AF9D1 /* DashboardViewController.swift in Sources */,
			);
			runOnlyForDeploymentPostprocessing = 0;
		};
		D7AD3AF72B80FBEA009AF9D1 /* Sources */ = {
			isa = PBXSourcesBuildPhase;
			buildActionMask = 2147483647;
			files = (
				D7AD3B002B80FBEA009AF9D1 /* Hogwarts_MVVMTests.swift in Sources */,
			);
			runOnlyForDeploymentPostprocessing = 0;
		};
		D7AD3B012B80FBEA009AF9D1 /* Sources */ = {
			isa = PBXSourcesBuildPhase;
			buildActionMask = 2147483647;
			files = (
				D7AD3B0A2B80FBEA009AF9D1 /* Hogwarts_MVVMUITests.swift in Sources */,
				D7AD3B0C2B80FBEA009AF9D1 /* Hogwarts_MVVMUITestsLaunchTests.swift in Sources */,
			);
			runOnlyForDeploymentPostprocessing = 0;
		};
/* End PBXSourcesBuildPhase section */

/* Begin PBXTargetDependency section */
		D7AD3AFD2B80FBEA009AF9D1 /* PBXTargetDependency */ = {
			isa = PBXTargetDependency;
			target = D7AD3AE42B80FBE8009AF9D1 /* Hogwarts-MVVM */;
			targetProxy = D7AD3AFC2B80FBEA009AF9D1 /* PBXContainerItemProxy */;
		};
		D7AD3B072B80FBEA009AF9D1 /* PBXTargetDependency */ = {
			isa = PBXTargetDependency;
			target = D7AD3AE42B80FBE8009AF9D1 /* Hogwarts-MVVM */;
			targetProxy = D7AD3B062B80FBEA009AF9D1 /* PBXContainerItemProxy */;
		};
/* End PBXTargetDependency section */

/* Begin PBXVariantGroup section */
		D7AD3AF32B80FBE9009AF9D1 /* LaunchScreen.storyboard */ = {
			isa = PBXVariantGroup;
			children = (
				D7AD3AF42B80FBE9009AF9D1 /* Base */,
			);
			name = LaunchScreen.storyboard;
			sourceTree = "<group>";
		};
/* End PBXVariantGroup section */

/* Begin XCBuildConfiguration section */
		D7AD3B0D2B80FBEA009AF9D1 /* Debug */ = {
			isa = XCBuildConfiguration;
			buildSettings = {
				ALWAYS_SEARCH_USER_PATHS = NO;
				ASSETCATALOG_COMPILER_GENERATE_SWIFT_ASSET_SYMBOL_EXTENSIONS = YES;
				CLANG_ANALYZER_NONNULL = YES;
				CLANG_ANALYZER_NUMBER_OBJECT_CONVERSION = YES_AGGRESSIVE;
				CLANG_CXX_LANGUAGE_STANDARD = "gnu++20";
				CLANG_ENABLE_MODULES = YES;
				CLANG_ENABLE_OBJC_ARC = YES;
				CLANG_ENABLE_OBJC_WEAK = YES;
				CLANG_WARN_BLOCK_CAPTURE_AUTORELEASING = YES;
				CLANG_WARN_BOOL_CONVERSION = YES;
				CLANG_WARN_COMMA = YES;
				CLANG_WARN_CONSTANT_CONVERSION = YES;
				CLANG_WARN_DEPRECATED_OBJC_IMPLEMENTATIONS = YES;
				CLANG_WARN_DIRECT_OBJC_ISA_USAGE = YES_ERROR;
				CLANG_WARN_DOCUMENTATION_COMMENTS = YES;
				CLANG_WARN_EMPTY_BODY = YES;
				CLANG_WARN_ENUM_CONVERSION = YES;
				CLANG_WARN_INFINITE_RECURSION = YES;
				CLANG_WARN_INT_CONVERSION = YES;
				CLANG_WARN_NON_LITERAL_NULL_CONVERSION = YES;
				CLANG_WARN_OBJC_IMPLICIT_RETAIN_SELF = YES;
				CLANG_WARN_OBJC_LITERAL_CONVERSION = YES;
				CLANG_WARN_OBJC_ROOT_CLASS = YES_ERROR;
				CLANG_WARN_QUOTED_INCLUDE_IN_FRAMEWORK_HEADER = YES;
				CLANG_WARN_RANGE_LOOP_ANALYSIS = YES;
				CLANG_WARN_STRICT_PROTOTYPES = YES;
				CLANG_WARN_SUSPICIOUS_MOVE = YES;
				CLANG_WARN_UNGUARDED_AVAILABILITY = YES_AGGRESSIVE;
				CLANG_WARN_UNREACHABLE_CODE = YES;
				CLANG_WARN__DUPLICATE_METHOD_MATCH = YES;
				COPY_PHASE_STRIP = NO;
				DEBUG_INFORMATION_FORMAT = dwarf;
				ENABLE_STRICT_OBJC_MSGSEND = YES;
				ENABLE_TESTABILITY = YES;
				ENABLE_USER_SCRIPT_SANDBOXING = YES;
				GCC_C_LANGUAGE_STANDARD = gnu17;
				GCC_DYNAMIC_NO_PIC = NO;
				GCC_NO_COMMON_BLOCKS = YES;
				GCC_OPTIMIZATION_LEVEL = 0;
				GCC_PREPROCESSOR_DEFINITIONS = (
					"DEBUG=1",
					"$(inherited)",
				);
				GCC_WARN_64_TO_32_BIT_CONVERSION = YES;
				GCC_WARN_ABOUT_RETURN_TYPE = YES_ERROR;
				GCC_WARN_UNDECLARED_SELECTOR = YES;
				GCC_WARN_UNINITIALIZED_AUTOS = YES_AGGRESSIVE;
				GCC_WARN_UNUSED_FUNCTION = YES;
				GCC_WARN_UNUSED_VARIABLE = YES;
				IPHONEOS_DEPLOYMENT_TARGET = 17.0;
				LOCALIZATION_PREFERS_STRING_CATALOGS = YES;
				MTL_ENABLE_DEBUG_INFO = INCLUDE_SOURCE;
				MTL_FAST_MATH = YES;
				ONLY_ACTIVE_ARCH = YES;
				SDKROOT = iphoneos;
				SWIFT_ACTIVE_COMPILATION_CONDITIONS = "DEBUG $(inherited)";
				SWIFT_OPTIMIZATION_LEVEL = "-Onone";
			};
			name = Debug;
		};
		D7AD3B0E2B80FBEA009AF9D1 /* Release */ = {
			isa = XCBuildConfiguration;
			buildSettings = {
				ALWAYS_SEARCH_USER_PATHS = NO;
				ASSETCATALOG_COMPILER_GENERATE_SWIFT_ASSET_SYMBOL_EXTENSIONS = YES;
				CLANG_ANALYZER_NONNULL = YES;
				CLANG_ANALYZER_NUMBER_OBJECT_CONVERSION = YES_AGGRESSIVE;
				CLANG_CXX_LANGUAGE_STANDARD = "gnu++20";
				CLANG_ENABLE_MODULES = YES;
				CLANG_ENABLE_OBJC_ARC = YES;
				CLANG_ENABLE_OBJC_WEAK = YES;
				CLANG_WARN_BLOCK_CAPTURE_AUTORELEASING = YES;
				CLANG_WARN_BOOL_CONVERSION = YES;
				CLANG_WARN_COMMA = YES;
				CLANG_WARN_CONSTANT_CONVERSION = YES;
				CLANG_WARN_DEPRECATED_OBJC_IMPLEMENTATIONS = YES;
				CLANG_WARN_DIRECT_OBJC_ISA_USAGE = YES_ERROR;
				CLANG_WARN_DOCUMENTATION_COMMENTS = YES;
				CLANG_WARN_EMPTY_BODY = YES;
				CLANG_WARN_ENUM_CONVERSION = YES;
				CLANG_WARN_INFINITE_RECURSION = YES;
				CLANG_WARN_INT_CONVERSION = YES;
				CLANG_WARN_NON_LITERAL_NULL_CONVERSION = YES;
				CLANG_WARN_OBJC_IMPLICIT_RETAIN_SELF = YES;
				CLANG_WARN_OBJC_LITERAL_CONVERSION = YES;
				CLANG_WARN_OBJC_ROOT_CLASS = YES_ERROR;
				CLANG_WARN_QUOTED_INCLUDE_IN_FRAMEWORK_HEADER = YES;
				CLANG_WARN_RANGE_LOOP_ANALYSIS = YES;
				CLANG_WARN_STRICT_PROTOTYPES = YES;
				CLANG_WARN_SUSPICIOUS_MOVE = YES;
				CLANG_WARN_UNGUARDED_AVAILABILITY = YES_AGGRESSIVE;
				CLANG_WARN_UNREACHABLE_CODE = YES;
				CLANG_WARN__DUPLICATE_METHOD_MATCH = YES;
				COPY_PHASE_STRIP = NO;
				DEBUG_INFORMATION_FORMAT = "dwarf-with-dsym";
				ENABLE_NS_ASSERTIONS = NO;
				ENABLE_STRICT_OBJC_MSGSEND = YES;
				ENABLE_USER_SCRIPT_SANDBOXING = YES;
				GCC_C_LANGUAGE_STANDARD = gnu17;
				GCC_NO_COMMON_BLOCKS = YES;
				GCC_WARN_64_TO_32_BIT_CONVERSION = YES;
				GCC_WARN_ABOUT_RETURN_TYPE = YES_ERROR;
				GCC_WARN_UNDECLARED_SELECTOR = YES;
				GCC_WARN_UNINITIALIZED_AUTOS = YES_AGGRESSIVE;
				GCC_WARN_UNUSED_FUNCTION = YES;
				GCC_WARN_UNUSED_VARIABLE = YES;
				IPHONEOS_DEPLOYMENT_TARGET = 17.0;
				LOCALIZATION_PREFERS_STRING_CATALOGS = YES;
				MTL_ENABLE_DEBUG_INFO = NO;
				MTL_FAST_MATH = YES;
				SDKROOT = iphoneos;
				SWIFT_COMPILATION_MODE = wholemodule;
				VALIDATE_PRODUCT = YES;
			};
			name = Release;
		};
		D7AD3B102B80FBEA009AF9D1 /* Debug */ = {
			isa = XCBuildConfiguration;
			baseConfigurationReference = 1154AB1BD4B0530FE77B6E38 /* Pods-Hogwarts-MVVM.debug.xcconfig */;
			buildSettings = {
				ASSETCATALOG_COMPILER_APPICON_NAME = AppIcon;
				ASSETCATALOG_COMPILER_GLOBAL_ACCENT_COLOR_NAME = AccentColor;
				CODE_SIGN_STYLE = Automatic;
				CURRENT_PROJECT_VERSION = 1;
				DEVELOPMENT_TEAM = KSW9YLW73D;
				GENERATE_INFOPLIST_FILE = YES;
				INFOPLIST_FILE = "Hogwarts-MVVM/Info.plist";
				INFOPLIST_KEY_CFBundleDisplayName = Hogwarts;
				INFOPLIST_KEY_UIApplicationSupportsIndirectInputEvents = YES;
				INFOPLIST_KEY_UILaunchStoryboardName = LaunchScreen;
				INFOPLIST_KEY_UISupportedInterfaceOrientations_iPad = "UIInterfaceOrientationPortrait UIInterfaceOrientationPortraitUpsideDown UIInterfaceOrientationLandscapeLeft UIInterfaceOrientationLandscapeRight";
				INFOPLIST_KEY_UISupportedInterfaceOrientations_iPhone = "UIInterfaceOrientationPortrait UIInterfaceOrientationLandscapeLeft UIInterfaceOrientationLandscapeRight";
				IPHONEOS_DEPLOYMENT_TARGET = 13.0;
				LD_RUNPATH_SEARCH_PATHS = (
					"$(inherited)",
					"@executable_path/Frameworks",
				);
				MARKETING_VERSION = 1.0;
				PRODUCT_BUNDLE_IDENTIFIER = "com.Hogwarts-MVVM";
				PRODUCT_NAME = "$(TARGET_NAME)";
				SWIFT_EMIT_LOC_STRINGS = YES;
				SWIFT_VERSION = 5.0;
				TARGETED_DEVICE_FAMILY = "1,2";
			};
			name = Debug;
		};
		D7AD3B112B80FBEA009AF9D1 /* Release */ = {
			isa = XCBuildConfiguration;
			baseConfigurationReference = C25A196B84BA7051C2CA3AD3 /* Pods-Hogwarts-MVVM.release.xcconfig */;
			buildSettings = {
				ASSETCATALOG_COMPILER_APPICON_NAME = AppIcon;
				ASSETCATALOG_COMPILER_GLOBAL_ACCENT_COLOR_NAME = AccentColor;
				CODE_SIGN_STYLE = Automatic;
				CURRENT_PROJECT_VERSION = 1;
				DEVELOPMENT_TEAM = KSW9YLW73D;
				GENERATE_INFOPLIST_FILE = YES;
				INFOPLIST_FILE = "Hogwarts-MVVM/Info.plist";
				INFOPLIST_KEY_CFBundleDisplayName = Hogwarts;
				INFOPLIST_KEY_UIApplicationSupportsIndirectInputEvents = YES;
				INFOPLIST_KEY_UILaunchStoryboardName = LaunchScreen;
				INFOPLIST_KEY_UISupportedInterfaceOrientations_iPad = "UIInterfaceOrientationPortrait UIInterfaceOrientationPortraitUpsideDown UIInterfaceOrientationLandscapeLeft UIInterfaceOrientationLandscapeRight";
				INFOPLIST_KEY_UISupportedInterfaceOrientations_iPhone = "UIInterfaceOrientationPortrait UIInterfaceOrientationLandscapeLeft UIInterfaceOrientationLandscapeRight";
				IPHONEOS_DEPLOYMENT_TARGET = 13.0;
				LD_RUNPATH_SEARCH_PATHS = (
					"$(inherited)",
					"@executable_path/Frameworks",
				);
				MARKETING_VERSION = 1.0;
				PRODUCT_BUNDLE_IDENTIFIER = "com.Hogwarts-MVVM";
				PRODUCT_NAME = "$(TARGET_NAME)";
				SWIFT_EMIT_LOC_STRINGS = YES;
				SWIFT_VERSION = 5.0;
				TARGETED_DEVICE_FAMILY = "1,2";
			};
			name = Release;
		};
		D7AD3B132B80FBEA009AF9D1 /* Debug */ = {
			isa = XCBuildConfiguration;
			baseConfigurationReference = 9E53E486826AD00AB483352D /* Pods-Hogwarts-MVVMTests.debug.xcconfig */;
			buildSettings = {
				ALWAYS_EMBED_SWIFT_STANDARD_LIBRARIES = YES;
				BUNDLE_LOADER = "$(TEST_HOST)";
				CODE_SIGN_STYLE = Automatic;
				CURRENT_PROJECT_VERSION = 1;
				DEVELOPMENT_TEAM = KSW9YLW73D;
				GENERATE_INFOPLIST_FILE = YES;
				IPHONEOS_DEPLOYMENT_TARGET = 17.0;
				MARKETING_VERSION = 1.0;
				PRODUCT_BUNDLE_IDENTIFIER = "com.Hogwarts-MVVMTests";
				PRODUCT_NAME = "$(TARGET_NAME)";
				SWIFT_EMIT_LOC_STRINGS = NO;
				SWIFT_VERSION = 5.0;
				TARGETED_DEVICE_FAMILY = "1,2";
				TEST_HOST = "$(BUILT_PRODUCTS_DIR)/Hogwarts-MVVM.app/$(BUNDLE_EXECUTABLE_FOLDER_PATH)/Hogwarts-MVVM";
			};
			name = Debug;
		};
		D7AD3B142B80FBEA009AF9D1 /* Release */ = {
			isa = XCBuildConfiguration;
			baseConfigurationReference = CFC876E8B822D7AC332BA940 /* Pods-Hogwarts-MVVMTests.release.xcconfig */;
			buildSettings = {
				ALWAYS_EMBED_SWIFT_STANDARD_LIBRARIES = YES;
				BUNDLE_LOADER = "$(TEST_HOST)";
				CODE_SIGN_STYLE = Automatic;
				CURRENT_PROJECT_VERSION = 1;
				DEVELOPMENT_TEAM = KSW9YLW73D;
				GENERATE_INFOPLIST_FILE = YES;
				IPHONEOS_DEPLOYMENT_TARGET = 17.0;
				MARKETING_VERSION = 1.0;
				PRODUCT_BUNDLE_IDENTIFIER = "com.Hogwarts-MVVMTests";
				PRODUCT_NAME = "$(TARGET_NAME)";
				SWIFT_EMIT_LOC_STRINGS = NO;
				SWIFT_VERSION = 5.0;
				TARGETED_DEVICE_FAMILY = "1,2";
				TEST_HOST = "$(BUILT_PRODUCTS_DIR)/Hogwarts-MVVM.app/$(BUNDLE_EXECUTABLE_FOLDER_PATH)/Hogwarts-MVVM";
			};
			name = Release;
		};
		D7AD3B162B80FBEA009AF9D1 /* Debug */ = {
			isa = XCBuildConfiguration;
			baseConfigurationReference = BB8155574248B70497787140 /* Pods-Hogwarts-MVVM-Hogwarts-MVVMUITests.debug.xcconfig */;
			buildSettings = {
				ALWAYS_EMBED_SWIFT_STANDARD_LIBRARIES = YES;
				CODE_SIGN_STYLE = Automatic;
				CURRENT_PROJECT_VERSION = 1;
				DEVELOPMENT_TEAM = KSW9YLW73D;
				GENERATE_INFOPLIST_FILE = YES;
				MARKETING_VERSION = 1.0;
				PRODUCT_BUNDLE_IDENTIFIER = "com.Hogwarts-MVVMUITests";
				PRODUCT_NAME = "$(TARGET_NAME)";
				SWIFT_EMIT_LOC_STRINGS = NO;
				SWIFT_VERSION = 5.0;
				TARGETED_DEVICE_FAMILY = "1,2";
				TEST_TARGET_NAME = "Hogwarts-MVVM";
			};
			name = Debug;
		};
		D7AD3B172B80FBEA009AF9D1 /* Release */ = {
			isa = XCBuildConfiguration;
			baseConfigurationReference = E29CCDB2D05F3D6CF8FB7D27 /* Pods-Hogwarts-MVVM-Hogwarts-MVVMUITests.release.xcconfig */;
			buildSettings = {
				ALWAYS_EMBED_SWIFT_STANDARD_LIBRARIES = YES;
				CODE_SIGN_STYLE = Automatic;
				CURRENT_PROJECT_VERSION = 1;
				DEVELOPMENT_TEAM = KSW9YLW73D;
				GENERATE_INFOPLIST_FILE = YES;
				MARKETING_VERSION = 1.0;
				PRODUCT_BUNDLE_IDENTIFIER = "com.Hogwarts-MVVMUITests";
				PRODUCT_NAME = "$(TARGET_NAME)";
				SWIFT_EMIT_LOC_STRINGS = NO;
				SWIFT_VERSION = 5.0;
				TARGETED_DEVICE_FAMILY = "1,2";
				TEST_TARGET_NAME = "Hogwarts-MVVM";
			};
			name = Release;
		};
/* End XCBuildConfiguration section */

/* Begin XCConfigurationList section */
		D7AD3AE02B80FBE8009AF9D1 /* Build configuration list for PBXProject "Hogwarts-MVVM" */ = {
			isa = XCConfigurationList;
			buildConfigurations = (
				D7AD3B0D2B80FBEA009AF9D1 /* Debug */,
				D7AD3B0E2B80FBEA009AF9D1 /* Release */,
			);
			defaultConfigurationIsVisible = 0;
			defaultConfigurationName = Release;
		};
		D7AD3B0F2B80FBEA009AF9D1 /* Build configuration list for PBXNativeTarget "Hogwarts-MVVM" */ = {
			isa = XCConfigurationList;
			buildConfigurations = (
				D7AD3B102B80FBEA009AF9D1 /* Debug */,
				D7AD3B112B80FBEA009AF9D1 /* Release */,
			);
			defaultConfigurationIsVisible = 0;
			defaultConfigurationName = Release;
		};
		D7AD3B122B80FBEA009AF9D1 /* Build configuration list for PBXNativeTarget "Hogwarts-MVVMTests" */ = {
			isa = XCConfigurationList;
			buildConfigurations = (
				D7AD3B132B80FBEA009AF9D1 /* Debug */,
				D7AD3B142B80FBEA009AF9D1 /* Release */,
			);
			defaultConfigurationIsVisible = 0;
			defaultConfigurationName = Release;
		};
		D7AD3B152B80FBEA009AF9D1 /* Build configuration list for PBXNativeTarget "Hogwarts-MVVMUITests" */ = {
			isa = XCConfigurationList;
			buildConfigurations = (
				D7AD3B162B80FBEA009AF9D1 /* Debug */,
				D7AD3B172B80FBEA009AF9D1 /* Release */,
			);
			defaultConfigurationIsVisible = 0;
			defaultConfigurationName = Release;
		};
/* End XCConfigurationList section */
	};
	rootObject = D7AD3ADD2B80FBE8009AF9D1 /* Project object */;
}
